
Microsoft Visual Studio Solution File, Format Version 12.00
# Visual Studio Version 17
VisualStudioVersion = 17.5.002.0
MinimumVisualStudioVersion = 10.0.40219.1
Project("{9A19103F-16F7-4668-BE54-9A1E7A4F7556}") = "Mazes", "Mazes.csproj", "{36400995-7A76-4F5C-A943-2E99DD0C7068}"
EndProject
Global
	GlobalSection(SolutionConfigurationPlatforms) = preSolution
		Debug|Any CPU = Debug|Any CPU
		Release|Any CPU = Release|Any CPU
	EndGlobalSection
	GlobalSection(ProjectConfigurationPlatforms) = postSolution
		{36400995-7A76-4F5C-A943-2E99DD0C7068}.Debug|Any CPU.ActiveCfg = Debug|Any CPU
		{36400995-7A76-4F5C-A943-2E99DD0C7068}.Debug|Any CPU.Build.0 = Debug|Any CPU
		{36400995-7A76-4F5C-A943-2E99DD0C7068}.Release|Any CPU.ActiveCfg = Release|Any CPU
		{36400995-7A76-4F5C-A943-2E99DD0C7068}.Release|Any CPU.Build.0 = Release|Any CPU
	EndGlobalSection
	GlobalSection(SolutionProperties) = preSolution
		HideSolutionNode = FALSE
	EndGlobalSection
	GlobalSection(ExtensibilityGlobals) = postSolution
		SolutionGuid = {C2F2744E-139D-458E-814D-0D78E53E3059}
	EndGlobalSection
EndGlobal
