
Microsoft Visual Studio Solution File, Format Version 12.00
Project("{FAE04EC0-301F-11D3-BF4B-00C04F79EFBC}") = "PlayShapeWPF", "PlayShapeWPF\PlayShapeWPF.csproj", "{434FCAD1-47C0-41A1-B014-8D900090FA12}"
EndProject
Global
	GlobalSection(SolutionConfigurationPlatforms) = preSolution
		Debug|Any CPU = Debug|Any CPU
		Release|Any CPU = Release|Any CPU
	EndGlobalSection
	GlobalSection(ProjectConfigurationPlatforms) = postSolution
		{434FCAD1-47C0-41A1-B014-8D900090FA12}.Debug|Any CPU.ActiveCfg = Debug|Any CPU
		{434FCAD1-47C0-41A1-B014-8D900090FA12}.Debug|Any CPU.Build.0 = Debug|Any CPU
		{434FCAD1-47C0-41A1-B014-8D900090FA12}.Release|Any CPU.ActiveCfg = Release|Any CPU
		{434FCAD1-47C0-41A1-B014-8D900090FA12}.Release|Any CPU.Build.0 = Release|Any CPU
	EndGlobalSection
EndGlobal
