
Microsoft Visual Studio Solution File, Format Version 12.00
Project("{FAE04EC0-301F-11D3-BF4B-00C04F79EFBC}") = "SypherLong", "SypherLong\SypherLong.csproj", "{AD093EE6-4F97-4873-9A9C-3DE3F7C48780}"
EndProject
Global
	GlobalSection(SolutionConfigurationPlatforms) = preSolution
		Debug|Any CPU = Debug|Any CPU
		Release|Any CPU = Release|Any CPU
	EndGlobalSection
	GlobalSection(ProjectConfigurationPlatforms) = postSolution
		{AD093EE6-4F97-4873-9A9C-3DE3F7C48780}.Debug|Any CPU.ActiveCfg = Debug|Any CPU
		{AD093EE6-4F97-4873-9A9C-3DE3F7C48780}.Debug|Any CPU.Build.0 = Debug|Any CPU
		{AD093EE6-4F97-4873-9A9C-3DE3F7C48780}.Release|Any CPU.ActiveCfg = Release|Any CPU
		{AD093EE6-4F97-4873-9A9C-3DE3F7C48780}.Release|Any CPU.Build.0 = Release|Any CPU
	EndGlobalSection
EndGlobal
